// !$*UTF8*$!
{
	archiveVersion = 1;
	classes = {
	};
	objectVersion = 46;
	objects = {

/* Begin PBXBuildFile section */
		F566F5A21A3C27BC00DF6589 /* AppDelegate.swift in Sources */ = {isa = PBXBuildFile; fileRef = F566F5A11A3C27BC00DF6589 /* AppDelegate.swift */; };
		F566F5A41A3C27BC00DF6589 /* ViewController.swift in Sources */ = {isa = PBXBuildFile; fileRef = F566F5A31A3C27BC00DF6589 /* ViewController.swift */; };
		F566F5A71A3C27BC00DF6589 /* Main.storyboard in Resources */ = {isa = PBXBuildFile; fileRef = F566F5A51A3C27BC00DF6589 /* Main.storyboard */; };
		F566F5A91A3C27BC00DF6589 /* Images.xcassets in Resources */ = {isa = PBXBuildFile; fileRef = F566F5A81A3C27BC00DF6589 /* Images.xcassets */; };
		F566F5AC1A3C27BC00DF6589 /* LaunchScreen.xib in Resources */ = {isa = PBXBuildFile; fileRef = F566F5AA1A3C27BC00DF6589 /* LaunchScreen.xib */; };
		F566F5B81A3C27BD00DF6589 /* swift_4096Tests.swift in Sources */ = {isa = PBXBuildFile; fileRef = F566F5B71A3C27BD00DF6589 /* swift_4096Tests.swift */; };
		F566F5C21A3C2A6B00DF6589 /* GameViewController.swift in Sources */ = {isa = PBXBuildFile; fileRef = F566F5C11A3C2A6B00DF6589 /* GameViewController.swift */; };
		F566F5C71A3C2DEE00DF6589 /* ScoreView.swift in Sources */ = {isa = PBXBuildFile; fileRef = F566F5C61A3C2DEE00DF6589 /* ScoreView.swift */; };
		F566F5C91A3C38E300DF6589 /* GameboardView.swift in Sources */ = {isa = PBXBuildFile; fileRef = F566F5C81A3C38E300DF6589 /* GameboardView.swift */; };
		F566F5CB1A3C414300DF6589 /* TileView.swift in Sources */ = {isa = PBXBuildFile; fileRef = F566F5CA1A3C414300DF6589 /* TileView.swift */; };
		F566F5CD1A3C485100DF6589 /* GameModel.swift in Sources */ = {isa = PBXBuildFile; fileRef = F566F5CC1A3C485100DF6589 /* GameModel.swift */; };
		F566F5D21A3C593500DF6589 /* NumberTileView.swift in Sources */ = {isa = PBXBuildFile; fileRef = F566F5D11A3C593500DF6589 /* NumberTileView.swift */; };
/* End PBXBuildFile section */

/* Begin PBXContainerItemProxy section */
		F566F5B21A3C27BD00DF6589 /* PBXContainerItemProxy */ = {
			isa = PBXContainerItemProxy;
			containerPortal = F566F5941A3C27BC00DF6589 /* Project object */;
			proxyType = 1;
			remoteGlobalIDString = F566F59B1A3C27BC00DF6589;
			remoteInfo = "swift-4096";
		};
/* End PBXContainerItemProxy section */

/* Begin PBXFileReference section */
		F566F59C1A3C27BC00DF6589 /* swift-4096.app */ = {isa = PBXFileReference; explicitFileType = wrapper.application; includeInIndex = 0; path = "swift-4096.app"; sourceTree = BUILT_PRODUCTS_DIR; };
		F566F5A01A3C27BC00DF6589 /* Info.plist */ = {isa = PBXFileReference; lastKnownFileType = text.plist.xml; path = Info.plist; sourceTree = "<group>"; };
		F566F5A11A3C27BC00DF6589 /* AppDelegate.swift */ = {isa = PBXFileReference; lastKnownFileType = sourcecode.swift; path = AppDelegate.swift; sourceTree = "<group>"; };
		F566F5A31A3C27BC00DF6589 /* ViewController.swift */ = {isa = PBXFileReference; lastKnownFileType = sourcecode.swift; path = ViewController.swift; sourceTree = "<group>"; };
		F566F5A61A3C27BC00DF6589 /* Base */ = {isa = PBXFileReference; lastKnownFileType = file.storyboard; name = Base; path = Base.lproj/Main.storyboard; sourceTree = "<group>"; };
		F566F5A81A3C27BC00DF6589 /* Images.xcassets */ = {isa = PBXFileReference; lastKnownFileType = folder.assetcatalog; path = Images.xcassets; sourceTree = "<group>"; };
		F566F5AB1A3C27BC00DF6589 /* Base */ = {isa = PBXFileReference; lastKnownFileType = file.xib; name = Base; path = Base.lproj/LaunchScreen.xib; sourceTree = "<group>"; };
		F566F5B11A3C27BD00DF6589 /* swift-4096Tests.xctest */ = {isa = PBXFileReference; explicitFileType = wrapper.cfbundle; includeInIndex = 0; path = "swift-4096Tests.xctest"; sourceTree = BUILT_PRODUCTS_DIR; };
		F566F5B61A3C27BD00DF6589 /* Info.plist */ = {isa = PBXFileReference; lastKnownFileType = text.plist.xml; path = Info.plist; sourceTree = "<group>"; };
		F566F5B71A3C27BD00DF6589 /* swift_4096Tests.swift */ = {isa = PBXFileReference; lastKnownFileType = sourcecode.swift; path = swift_4096Tests.swift; sourceTree = "<group>"; };
		F566F5C11A3C2A6B00DF6589 /* GameViewController.swift */ = {isa = PBXFileReference; fileEncoding = 4; lastKnownFileType = sourcecode.swift; path = GameViewController.swift; sourceTree = "<group>"; };
		F566F5C61A3C2DEE00DF6589 /* ScoreView.swift */ = {isa = PBXFileReference; fileEncoding = 4; lastKnownFileType = sourcecode.swift; path = ScoreView.swift; sourceTree = "<group>"; };
		F566F5C81A3C38E300DF6589 /* GameboardView.swift */ = {isa = PBXFileReference; fileEncoding = 4; lastKnownFileType = sourcecode.swift; path = GameboardView.swift; sourceTree = "<group>"; };
		F566F5CA1A3C414300DF6589 /* TileView.swift */ = {isa = PBXFileReference; fileEncoding = 4; lastKnownFileType = sourcecode.swift; path = TileView.swift; sourceTree = "<group>"; };
		F566F5CC1A3C485100DF6589 /* GameModel.swift */ = {isa = PBXFileReference; fileEncoding = 4; lastKnownFileType = sourcecode.swift; path = GameModel.swift; sourceTree = "<group>"; };
		F566F5D11A3C593500DF6589 /* NumberTileView.swift */ = {isa = PBXFileReference; fileEncoding = 4; lastKnownFileType = sourcecode.swift; path = NumberTileView.swift; sourceTree = "<group>"; };
/* End PBXFileReference section */

/* Begin PBXFrameworksBuildPhase section */
		F566F5991A3C27BC00DF6589 /* Frameworks */ = {
			isa = PBXFrameworksBuildPhase;
			buildActionMask = 2147483647;
			files = (
			);
			runOnlyForDeploymentPostprocessing = 0;
		};
		F566F5AE1A3C27BD00DF6589 /* Frameworks */ = {
			isa = PBXFrameworksBuildPhase;
			buildActionMask = 2147483647;
			files = (
			);
			runOnlyForDeploymentPostprocessing = 0;
		};
/* End PBXFrameworksBuildPhase section */

/* Begin PBXGroup section */
		F566F5931A3C27BC00DF6589 = {
			isa = PBXGroup;
			children = (
				F566F59E1A3C27BC00DF6589 /* swift-4096 */,
				F566F5B41A3C27BD00DF6589 /* swift-4096Tests */,
				F566F59D1A3C27BC00DF6589 /* Products */,
			);
			sourceTree = "<group>";
		};
		F566F59D1A3C27BC00DF6589 /* Products */ = {
			isa = PBXGroup;
			children = (
				F566F59C1A3C27BC00DF6589 /* swift-4096.app */,
				F566F5B11A3C27BD00DF6589 /* swift-4096Tests.xctest */,
			);
			name = Products;
			sourceTree = "<group>";
		};
		F566F59E1A3C27BC00DF6589 /* swift-4096 */ = {
			isa = PBXGroup;
			children = (
				F566F5C51A3C2DE100DF6589 /* Models */,
				F566F5C41A3C2DD900DF6589 /* Views */,
				F566F5A11A3C27BC00DF6589 /* AppDelegate.swift */,
				F566F5A31A3C27BC00DF6589 /* ViewController.swift */,
				F566F5C11A3C2A6B00DF6589 /* GameViewController.swift */,
				F566F5A51A3C27BC00DF6589 /* Main.storyboard */,
				F566F5A81A3C27BC00DF6589 /* Images.xcassets */,
				F566F5AA1A3C27BC00DF6589 /* LaunchScreen.xib */,
				F566F59F1A3C27BC00DF6589 /* Supporting Files */,
			);
			path = "swift-4096";
			sourceTree = "<group>";
		};
		F566F59F1A3C27BC00DF6589 /* Supporting Files */ = {
			isa = PBXGroup;
			children = (
				F566F5A01A3C27BC00DF6589 /* Info.plist */,
			);
			name = "Supporting Files";
			sourceTree = "<group>";
		};
		F566F5B41A3C27BD00DF6589 /* swift-4096Tests */ = {
			isa = PBXGroup;
			children = (
				F566F5B71A3C27BD00DF6589 /* swift_4096Tests.swift */,
				F566F5B51A3C27BD00DF6589 /* Supporting Files */,
			);
			path = "swift-4096Tests";
			sourceTree = "<group>";
		};
		F566F5B51A3C27BD00DF6589 /* Supporting Files */ = {
			isa = PBXGroup;
			children = (
				F566F5B61A3C27BD00DF6589 /* Info.plist */,
			);
			name = "Supporting Files";
			sourceTree = "<group>";
		};
		F566F5C41A3C2DD900DF6589 /* Views */ = {
			isa = PBXGroup;
			children = (
				F566F5C61A3C2DEE00DF6589 /* ScoreView.swift */,
				F566F5C81A3C38E300DF6589 /* GameboardView.swift */,
				F566F5CA1A3C414300DF6589 /* TileView.swift */,
				F566F5D11A3C593500DF6589 /* NumberTileView.swift */,
			);
			name = Views;
			sourceTree = "<group>";
		};
		F566F5C51A3C2DE100DF6589 /* Models */ = {
			isa = PBXGroup;
			children = (
				F566F5CC1A3C485100DF6589 /* GameModel.swift */,
			);
			name = Models;
			sourceTree = "<group>";
		};
/* End PBXGroup section */

/* Begin PBXNativeTarget section */
		F566F59B1A3C27BC00DF6589 /* swift-4096 */ = {
			isa = PBXNativeTarget;
			buildConfigurationList = F566F5BB1A3C27BD00DF6589 /* Build configuration list for PBXNativeTarget "swift-4096" */;
			buildPhases = (
				F566F5981A3C27BC00DF6589 /* Sources */,
				F566F5991A3C27BC00DF6589 /* Frameworks */,
				F566F59A1A3C27BC00DF6589 /* Resources */,
			);
			buildRules = (
			);
			dependencies = (
			);
			name = "swift-4096";
			productName = "swift-4096";
			productReference = F566F59C1A3C27BC00DF6589 /* swift-4096.app */;
			productType = "com.apple.product-type.application";
		};
		F566F5B01A3C27BD00DF6589 /* swift-4096Tests */ = {
			isa = PBXNativeTarget;
			buildConfigurationList = F566F5BE1A3C27BD00DF6589 /* Build configuration list for PBXNativeTarget "swift-4096Tests" */;
			buildPhases = (
				F566F5AD1A3C27BD00DF6589 /* Sources */,
				F566F5AE1A3C27BD00DF6589 /* Frameworks */,
				F566F5AF1A3C27BD00DF6589 /* Resources */,
			);
			buildRules = (
			);
			dependencies = (
				F566F5B31A3C27BD00DF6589 /* PBXTargetDependency */,
			);
			name = "swift-4096Tests";
			productName = "swift-4096Tests";
			productReference = F566F5B11A3C27BD00DF6589 /* swift-4096Tests.xctest */;
			productType = "com.apple.product-type.bundle.unit-test";
		};
/* End PBXNativeTarget section */

/* Begin PBXProject section */
		F566F5941A3C27BC00DF6589 /* Project object */ = {
			isa = PBXProject;
			attributes = {
				LastUpgradeCheck = 0610;
				ORGANIZATIONNAME = "Yuichiro Mukai";
				TargetAttributes = {
					F566F59B1A3C27BC00DF6589 = {
						CreatedOnToolsVersion = 6.1.1;
					};
					F566F5B01A3C27BD00DF6589 = {
						CreatedOnToolsVersion = 6.1.1;
						TestTargetID = F566F59B1A3C27BC00DF6589;
					};
				};
			};
			buildConfigurationList = F566F5971A3C27BC00DF6589 /* Build configuration list for PBXProject "swift-4096" */;
			compatibilityVersion = "Xcode 3.2";
			developmentRegion = English;
			hasScannedForEncodings = 0;
			knownRegions = (
				en,
				Base,
			);
			mainGroup = F566F5931A3C27BC00DF6589;
			productRefGroup = F566F59D1A3C27BC00DF6589 /* Products */;
			projectDirPath = "";
			projectRoot = "";
			targets = (
				F566F59B1A3C27BC00DF6589 /* swift-4096 */,
				F566F5B01A3C27BD00DF6589 /* swift-4096Tests */,
			);
		};
/* End PBXProject section */

/* Begin PBXResourcesBuildPhase section */
		F566F59A1A3C27BC00DF6589 /* Resources */ = {
			isa = PBXResourcesBuildPhase;
			buildActionMask = 2147483647;
			files = (
				F566F5A71A3C27BC00DF6589 /* Main.storyboard in Resources */,
				F566F5AC1A3C27BC00DF6589 /* LaunchScreen.xib in Resources */,
				F566F5A91A3C27BC00DF6589 /* Images.xcassets in Resources */,
			);
			runOnlyForDeploymentPostprocessing = 0;
		};
		F566F5AF1A3C27BD00DF6589 /* Resources */ = {
			isa = PBXResourcesBuildPhase;
			buildActionMask = 2147483647;
			files = (
			);
			runOnlyForDeploymentPostprocessing = 0;
		};
/* End PBXResourcesBuildPhase section */

/* Begin PBXSourcesBuildPhase section */
		F566F5981A3C27BC00DF6589 /* Sources */ = {
			isa = PBXSourcesBuildPhase;
			buildActionMask = 2147483647;
			files = (
				F566F5A41A3C27BC00DF6589 /* ViewController.swift in Sources */,
				F566F5D21A3C593500DF6589 /* NumberTileView.swift in Sources */,
				F566F5C71A3C2DEE00DF6589 /* ScoreView.swift in Sources */,
				F566F5C91A3C38E300DF6589 /* GameboardView.swift in Sources */,
				F566F5C21A3C2A6B00DF6589 /* GameViewController.swift in Sources */,
				F566F5CB1A3C414300DF6589 /* TileView.swift in Sources */,
				F566F5CD1A3C485100DF6589 /* GameModel.swift in Sources */,
				F566F5A21A3C27BC00DF6589 /* AppDelegate.swift in Sources */,
			);
			runOnlyForDeploymentPostprocessing = 0;
		};
		F566F5AD1A3C27BD00DF6589 /* Sources */ = {
			isa = PBXSourcesBuildPhase;
			buildActionMask = 2147483647;
			files = (
				F566F5B81A3C27BD00DF6589 /* swift_4096Tests.swift in Sources */,
			);
			runOnlyForDeploymentPostprocessing = 0;
		};
/* End PBXSourcesBuildPhase section */

/* Begin PBXTargetDependency section */
		F566F5B31A3C27BD00DF6589 /* PBXTargetDependency */ = {
			isa = PBXTargetDependency;
			target = F566F59B1A3C27BC00DF6589 /* swift-4096 */;
			targetProxy = F566F5B21A3C27BD00DF6589 /* PBXContainerItemProxy */;
		};
/* End PBXTargetDependency section */

/* Begin PBXVariantGroup section */
		F566F5A51A3C27BC00DF6589 /* Main.storyboard */ = {
			isa = PBXVariantGroup;
			children = (
				F566F5A61A3C27BC00DF6589 /* Base */,
			);
			name = Main.storyboard;
			sourceTree = "<group>";
		};
		F566F5AA1A3C27BC00DF6589 /* LaunchScreen.xib */ = {
			isa = PBXVariantGroup;
			children = (
				F566F5AB1A3C27BC00DF6589 /* Base */,
			);
			name = LaunchScreen.xib;
			sourceTree = "<group>";
		};
/* End PBXVariantGroup section */

/* Begin XCBuildConfiguration section */
		F566F5B91A3C27BD00DF6589 /* Debug */ = {
			isa = XCBuildConfiguration;
			buildSettings = {
				ALWAYS_SEARCH_USER_PATHS = NO;
				CLANG_CXX_LANGUAGE_STANDARD = "gnu++0x";
				CLANG_CXX_LIBRARY = "libc++";
				CLANG_ENABLE_MODULES = YES;
				CLANG_ENABLE_OBJC_ARC = YES;
				CLANG_WARN_BOOL_CONVERSION = YES;
				CLANG_WARN_CONSTANT_CONVERSION = YES;
				CLANG_WARN_DIRECT_OBJC_ISA_USAGE = YES_ERROR;
				CLANG_WARN_EMPTY_BODY = YES;
				CLANG_WARN_ENUM_CONVERSION = YES;
				CLANG_WARN_INT_CONVERSION = YES;
				CLANG_WARN_OBJC_ROOT_CLASS = YES_ERROR;
				CLANG_WARN_UNREACHABLE_CODE = YES;
				CLANG_WARN__DUPLICATE_METHOD_MATCH = YES;
				"CODE_SIGN_IDENTITY[sdk=iphoneos*]" = "iPhone Developer";
				COPY_PHASE_STRIP = NO;
				ENABLE_STRICT_OBJC_MSGSEND = YES;
				GCC_C_LANGUAGE_STANDARD = gnu99;
				GCC_DYNAMIC_NO_PIC = NO;
				GCC_OPTIMIZATION_LEVEL = 0;
				GCC_PREPROCESSOR_DEFINITIONS = (
					"DEBUG=1",
					"$(inherited)",
				);
				GCC_SYMBOLS_PRIVATE_EXTERN = NO;
				GCC_WARN_64_TO_32_BIT_CONVERSION = YES;
				GCC_WARN_ABOUT_RETURN_TYPE = YES_ERROR;
				GCC_WARN_UNDECLARED_SELECTOR = YES;
				GCC_WARN_UNINITIALIZED_AUTOS = YES_AGGRESSIVE;
				GCC_WARN_UNUSED_FUNCTION = YES;
				GCC_WARN_UNUSED_VARIABLE = YES;
				IPHONEOS_DEPLOYMENT_TARGET = 8.1;
				MTL_ENABLE_DEBUG_INFO = YES;
				ONLY_ACTIVE_ARCH = YES;
				SDKROOT = iphoneos;
				SWIFT_OPTIMIZATION_LEVEL = "-Onone";
			};
			name = Debug;
		};
		F566F5BA1A3C27BD00DF6589 /* Release */ = {
			isa = XCBuildConfiguration;
			buildSettings = {
				ALWAYS_SEARCH_USER_PATHS = NO;
				CLANG_CXX_LANGUAGE_STANDARD = "gnu++0x";
				CLANG_CXX_LIBRARY = "libc++";
				CLANG_ENABLE_MODULES = YES;
				CLANG_ENABLE_OBJC_ARC = YES;
				CLANG_WARN_BOOL_CONVERSION = YES;
				CLANG_WARN_CONSTANT_CONVERSION = YES;
				CLANG_WARN_DIRECT_OBJC_ISA_USAGE = YES_ERROR;
				CLANG_WARN_EMPTY_BODY = YES;
				CLANG_WARN_ENUM_CONVERSION = YES;
				CLANG_WARN_INT_CONVERSION = YES;
				CLANG_WARN_OBJC_ROOT_CLASS = YES_ERROR;
				CLANG_WARN_UNREACHABLE_CODE = YES;
				CLANG_WARN__DUPLICATE_METHOD_MATCH = YES;
				"CODE_SIGN_IDENTITY[sdk=iphoneos*]" = "iPhone Developer";
				COPY_PHASE_STRIP = YES;
				ENABLE_NS_ASSERTIONS = NO;
				ENABLE_STRICT_OBJC_MSGSEND = YES;
				GCC_C_LANGUAGE_STANDARD = gnu99;
				GCC_WARN_64_TO_32_BIT_CONVERSION = YES;
				GCC_WARN_ABOUT_RETURN_TYPE = YES_ERROR;
				GCC_WARN_UNDECLARED_SELECTOR = YES;
				GCC_WARN_UNINITIALIZED_AUTOS = YES_AGGRESSIVE;
				GCC_WARN_UNUSED_FUNCTION = YES;
				GCC_WARN_UNUSED_VARIABLE = YES;
				IPHONEOS_DEPLOYMENT_TARGET = 8.1;
				MTL_ENABLE_DEBUG_INFO = NO;
				SDKROOT = iphoneos;
				VALIDATE_PRODUCT = YES;
			};
			name = Release;
		};
		F566F5BC1A3C27BD00DF6589 /* Debug */ = {
			isa = XCBuildConfiguration;
			buildSettings = {
				ASSETCATALOG_COMPILER_APPICON_NAME = AppIcon;
				INFOPLIST_FILE = "swift-4096/Info.plist";
				LD_RUNPATH_SEARCH_PATHS = "$(inherited) @executable_path/Frameworks";
				PRODUCT_NAME = "$(TARGET_NAME)";
			};
			name = Debug;
		};
		F566F5BD1A3C27BD00DF6589 /* Release */ = {
			isa = XCBuildConfiguration;
			buildSettings = {
				ASSETCATALOG_COMPILER_APPICON_NAME = AppIcon;
				INFOPLIST_FILE = "swift-4096/Info.plist";
				LD_RUNPATH_SEARCH_PATHS = "$(inherited) @executable_path/Frameworks";
				PRODUCT_NAME = "$(TARGET_NAME)";
			};
			name = Release;
		};
		F566F5BF1A3C27BD00DF6589 /* Debug */ = {
			isa = XCBuildConfiguration;
			buildSettings = {
				BUNDLE_LOADER = "$(TEST_HOST)";
				FRAMEWORK_SEARCH_PATHS = (
					"$(SDKROOT)/Developer/Library/Frameworks",
					"$(inherited)",
				);
				GCC_PREPROCESSOR_DEFINITIONS = (
					"DEBUG=1",
					"$(inherited)",
				);
				INFOPLIST_FILE = "swift-4096Tests/Info.plist";
				LD_RUNPATH_SEARCH_PATHS = "$(inherited) @executable_path/Frameworks @loader_path/Frameworks";
				PRODUCT_NAME = "$(TARGET_NAME)";
				TEST_HOST = "$(BUILT_PRODUCTS_DIR)/swift-4096.app/swift-4096";
			};
			name = Debug;
		};
		F566F5C01A3C27BD00DF6589 /* Release */ = {
			isa = XCBuildConfiguration;
			buildSettings = {
				BUNDLE_LOADER = "$(TEST_HOST)";
				FRAMEWORK_SEARCH_PATHS = (
					"$(SDKROOT)/Developer/Library/Frameworks",
					"$(inherited)",
				);
				INFOPLIST_FILE = "swift-4096Tests/Info.plist";
				LD_RUNPATH_SEARCH_PATHS = "$(inherited) @executable_path/Frameworks @loader_path/Frameworks";
				PRODUCT_NAME = "$(TARGET_NAME)";
				TEST_HOST = "$(BUILT_PRODUCTS_DIR)/swift-4096.app/swift-4096";
			};
			name = Release;
		};
/* End XCBuildConfiguration section */

/* Begin XCConfigurationList section */
		F566F5971A3C27BC00DF6589 /* Build configuration list for PBXProject "swift-4096" */ = {
			isa = XCConfigurationList;
			buildConfigurations = (
				F566F5B91A3C27BD00DF6589 /* Debug */,
				F566F5BA1A3C27BD00DF6589 /* Release */,
			);
			defaultConfigurationIsVisible = 0;
			defaultConfigurationName = Release;
		};
		F566F5BB1A3C27BD00DF6589 /* Build configuration list for PBXNativeTarget "swift-4096" */ = {
			isa = XCConfigurationList;
			buildConfigurations = (
				F566F5BC1A3C27BD00DF6589 /* Debug */,
				F566F5BD1A3C27BD00DF6589 /* Release */,
			);
			defaultConfigurationIsVisible = 0;
		};
		F566F5BE1A3C27BD00DF6589 /* Build configuration list for PBXNativeTarget "swift-4096Tests" */ = {
			isa = XCConfigurationList;
			buildConfigurations = (
				F566F5BF1A3C27BD00DF6589 /* Debug */,
				F566F5C01A3C27BD00DF6589 /* Release */,
			);
			defaultConfigurationIsVisible = 0;
		};
/* End XCConfigurationList section */
	};
	rootObject = F566F5941A3C27BC00DF6589 /* Project object */;
}
